
Microsoft Visual Studio Solution File, Format Version 12.00
# Visual Studio Version 17
VisualStudioVersion = 17.8.34322.80
MinimumVisualStudioVersion = 10.0.40219.1
Project("{9A19103F-16F7-4668-BE54-9A1E7A4F7556}") = "PostTrades", "PostTrades\PostTrades.csproj", "{346D9FA2-1E28-4955-801F-DB5D96B933F8}"
EndProject
Project("{9A19103F-16F7-4668-BE54-9A1E7A4F7556}") = "PostTradesTests", "PostTradesTests\PostTradesTests.csproj", "{0267F469-AC15-4C62-8004-11A570CC5528}"
	ProjectSection(ProjectDependencies) = postProject
		{346D9FA2-1E28-4955-801F-DB5D96B933F8} = {346D9FA2-1E28-4955-801F-DB5D96B933F8}
	EndProjectSection
EndProject
Global
	GlobalSection(SolutionConfigurationPlatforms) = preSolution
		Debug|Any CPU = Debug|Any CPU
		Release|Any CPU = Release|Any CPU
	EndGlobalSection
	GlobalSection(ProjectConfigurationPlatforms) = postSolution
		{346D9FA2-1E28-4955-801F-DB5D96B933F8}.Debug|Any CPU.ActiveCfg = Debug|Any CPU
		{346D9FA2-1E28-4955-801F-DB5D96B933F8}.Debug|Any CPU.Build.0 = Debug|Any CPU
		{346D9FA2-1E28-4955-801F-DB5D96B933F8}.Release|Any CPU.ActiveCfg = Release|Any CPU
		{346D9FA2-1E28-4955-801F-DB5D96B933F8}.Release|Any CPU.Build.0 = Release|Any CPU
		{0267F469-AC15-4C62-8004-11A570CC5528}.Debug|Any CPU.ActiveCfg = Debug|Any CPU
		{0267F469-AC15-4C62-8004-11A570CC5528}.Debug|Any CPU.Build.0 = Debug|Any CPU
		{0267F469-AC15-4C62-8004-11A570CC5528}.Release|Any CPU.ActiveCfg = Release|Any CPU
		{0267F469-AC15-4C62-8004-11A570CC5528}.Release|Any CPU.Build.0 = Release|Any CPU
	EndGlobalSection
	GlobalSection(SolutionProperties) = preSolution
		HideSolutionNode = FALSE
	EndGlobalSection
	GlobalSection(ExtensibilityGlobals) = postSolution
		SolutionGuid = {3A4484CD-CE3A-4AFA-85FE-30815DF70918}
	EndGlobalSection
EndGlobal
